// !$*UTF8*$!
{
	archiveVersion = 1;
	classes = {
	};
	objectVersion = 46;
	objects = {

/* Begin PBXBuildFile section */
		16B455F31B19ED7000FB407E /* AppDelegate.swift in Sources */ = {isa = PBXBuildFile; fileRef = 16B455F21B19ED7000FB407E /* AppDelegate.swift */; };
		16B455F51B19ED7000FB407E /* ViewController.swift in Sources */ = {isa = PBXBuildFile; fileRef = 16B455F41B19ED7000FB407E /* ViewController.swift */; };
		16B455F81B19ED7000FB407E /* Main.storyboard in Resources */ = {isa = PBXBuildFile; fileRef = 16B455F61B19ED7000FB407E /* Main.storyboard */; };
		16B455FA1B19ED7000FB407E /* Images.xcassets in Resources */ = {isa = PBXBuildFile; fileRef = 16B455F91B19ED7000FB407E /* Images.xcassets */; };
		16B455FD1B19ED7000FB407E /* LaunchScreen.xib in Resources */ = {isa = PBXBuildFile; fileRef = 16B455FB1B19ED7000FB407E /* LaunchScreen.xib */; };
		16B456091B19ED7000FB407E /* WebViewExTests.swift in Sources */ = {isa = PBXBuildFile; fileRef = 16B456081B19ED7000FB407E /* WebViewExTests.swift */; };
/* End PBXBuildFile section */

/* Begin PBXContainerItemProxy section */
		16B456031B19ED7000FB407E /* PBXContainerItemProxy */ = {
			isa = PBXContainerItemProxy;
			containerPortal = 16B455E51B19ED7000FB407E /* Project object */;
			proxyType = 1;
			remoteGlobalIDString = 16B455EC1B19ED7000FB407E;
			remoteInfo = WebViewEx;
		};
/* End PBXContainerItemProxy section */

/* Begin PBXFileReference section */
		16B455ED1B19ED7000FB407E /* WebViewEx.app */ = {isa = PBXFileReference; explicitFileType = wrapper.application; includeInIndex = 0; path = WebViewEx.app; sourceTree = BUILT_PRODUCTS_DIR; };
		16B455F11B19ED7000FB407E /* Info.plist */ = {isa = PBXFileReference; lastKnownFileType = text.plist.xml; path = Info.plist; sourceTree = "<group>"; };
		16B455F21B19ED7000FB407E /* AppDelegate.swift */ = {isa = PBXFileReference; lastKnownFileType = sourcecode.swift; path = AppDelegate.swift; sourceTree = "<group>"; };
		16B455F41B19ED7000FB407E /* ViewController.swift */ = {isa = PBXFileReference; lastKnownFileType = sourcecode.swift; path = ViewController.swift; sourceTree = "<group>"; };
		16B455F71B19ED7000FB407E /* Base */ = {isa = PBXFileReference; lastKnownFileType = file.storyboard; name = Base; path = Base.lproj/Main.storyboard; sourceTree = "<group>"; };
		16B455F91B19ED7000FB407E /* Images.xcassets */ = {isa = PBXFileReference; lastKnownFileType = folder.assetcatalog; path = Images.xcassets; sourceTree = "<group>"; };
		16B455FC1B19ED7000FB407E /* Base */ = {isa = PBXFileReference; lastKnownFileType = file.xib; name = Base; path = Base.lproj/LaunchScreen.xib; sourceTree = "<group>"; };
		16B456021B19ED7000FB407E /* WebViewExTests.xctest */ = {isa = PBXFileReference; explicitFileType = wrapper.cfbundle; includeInIndex = 0; path = WebViewExTests.xctest; sourceTree = BUILT_PRODUCTS_DIR; };
		16B456071B19ED7000FB407E /* Info.plist */ = {isa = PBXFileReference; lastKnownFileType = text.plist.xml; path = Info.plist; sourceTree = "<group>"; };
		16B456081B19ED7000FB407E /* WebViewExTests.swift */ = {isa = PBXFileReference; lastKnownFileType = sourcecode.swift; path = WebViewExTests.swift; sourceTree = "<group>"; };
/* End PBXFileReference section */

/* Begin PBXFrameworksBuildPhase section */
		16B455EA1B19ED7000FB407E /* Frameworks */ = {
			isa = PBXFrameworksBuildPhase;
			buildActionMask = 2147483647;
			files = (
			);
			runOnlyForDeploymentPostprocessing = 0;
		};
		16B455FF1B19ED7000FB407E /* Frameworks */ = {
			isa = PBXFrameworksBuildPhase;
			buildActionMask = 2147483647;
			files = (
			);
			runOnlyForDeploymentPostprocessing = 0;
		};
/* End PBXFrameworksBuildPhase section */

/* Begin PBXGroup section */
		16B455E41B19ED7000FB407E = {
			isa = PBXGroup;
			children = (
				16B455EF1B19ED7000FB407E /* WebViewEx */,
				16B456051B19ED7000FB407E /* WebViewExTests */,
				16B455EE1B19ED7000FB407E /* Products */,
			);
			sourceTree = "<group>";
		};
		16B455EE1B19ED7000FB407E /* Products */ = {
			isa = PBXGroup;
			children = (
				16B455ED1B19ED7000FB407E /* WebViewEx.app */,
				16B456021B19ED7000FB407E /* WebViewExTests.xctest */,
			);
			name = Products;
			sourceTree = "<group>";
		};
		16B455EF1B19ED7000FB407E /* WebViewEx */ = {
			isa = PBXGroup;
			children = (
				16B455F21B19ED7000FB407E /* AppDelegate.swift */,
				16B455F41B19ED7000FB407E /* ViewController.swift */,
				16B455F61B19ED7000FB407E /* Main.storyboard */,
				16B455F91B19ED7000FB407E /* Images.xcassets */,
				16B455FB1B19ED7000FB407E /* LaunchScreen.xib */,
				16B455F01B19ED7000FB407E /* Supporting Files */,
			);
			path = WebViewEx;
			sourceTree = "<group>";
		};
		16B455F01B19ED7000FB407E /* Supporting Files */ = {
			isa = PBXGroup;
			children = (
				16B455F11B19ED7000FB407E /* Info.plist */,
			);
			name = "Supporting Files";
			sourceTree = "<group>";
		};
		16B456051B19ED7000FB407E /* WebViewExTests */ = {
			isa = PBXGroup;
			children = (
				16B456081B19ED7000FB407E /* WebViewExTests.swift */,
				16B456061B19ED7000FB407E /* Supporting Files */,
			);
			path = WebViewExTests;
			sourceTree = "<group>";
		};
		16B456061B19ED7000FB407E /* Supporting Files */ = {
			isa = PBXGroup;
			children = (
				16B456071B19ED7000FB407E /* Info.plist */,
			);
			name = "Supporting Files";
			sourceTree = "<group>";
		};
/* End PBXGroup section */

/* Begin PBXNativeTarget section */
		16B455EC1B19ED7000FB407E /* WebViewEx */ = {
			isa = PBXNativeTarget;
			buildConfigurationList = 16B4560C1B19ED7000FB407E /* Build configuration list for PBXNativeTarget "WebViewEx" */;
			buildPhases = (
				16B455E91B19ED7000FB407E /* Sources */,
				16B455EA1B19ED7000FB407E /* Frameworks */,
				16B455EB1B19ED7000FB407E /* Resources */,
			);
			buildRules = (
			);
			dependencies = (
			);
			name = WebViewEx;
			productName = WebViewEx;
			productReference = 16B455ED1B19ED7000FB407E /* WebViewEx.app */;
			productType = "com.apple.product-type.application";
		};
		16B456011B19ED7000FB407E /* WebViewExTests */ = {
			isa = PBXNativeTarget;
			buildConfigurationList = 16B4560F1B19ED7000FB407E /* Build configuration list for PBXNativeTarget "WebViewExTests" */;
			buildPhases = (
				16B455FE1B19ED7000FB407E /* Sources */,
				16B455FF1B19ED7000FB407E /* Frameworks */,
				16B456001B19ED7000FB407E /* Resources */,
			);
			buildRules = (
			);
			dependencies = (
				16B456041B19ED7000FB407E /* PBXTargetDependency */,
			);
			name = WebViewExTests;
			productName = WebViewExTests;
			productReference = 16B456021B19ED7000FB407E /* WebViewExTests.xctest */;
			productType = "com.apple.product-type.bundle.unit-test";
		};
/* End PBXNativeTarget section */

/* Begin PBXProject section */
		16B455E51B19ED7000FB407E /* Project object */ = {
			isa = PBXProject;
			attributes = {
				LastUpgradeCheck = 0630;
				ORGANIZATIONNAME = "Peppermint Club";
				TargetAttributes = {
					16B455EC1B19ED7000FB407E = {
						CreatedOnToolsVersion = 6.3;
					};
					16B456011B19ED7000FB407E = {
						CreatedOnToolsVersion = 6.3;
						TestTargetID = 16B455EC1B19ED7000FB407E;
					};
				};
			};
			buildConfigurationList = 16B455E81B19ED7000FB407E /* Build configuration list for PBXProject "WebViewEx" */;
			compatibilityVersion = "Xcode 3.2";
			developmentRegion = English;
			hasScannedForEncodings = 0;
			knownRegions = (
				en,
				Base,
			);
			mainGroup = 16B455E41B19ED7000FB407E;
			productRefGroup = 16B455EE1B19ED7000FB407E /* Products */;
			projectDirPath = "";
			projectRoot = "";
			targets = (
				16B455EC1B19ED7000FB407E /* WebViewEx */,
				16B456011B19ED7000FB407E /* WebViewExTests */,
			);
		};
/* End PBXProject section */

/* Begin PBXResourcesBuildPhase section */
		16B455EB1B19ED7000FB407E /* Resources */ = {
			isa = PBXResourcesBuildPhase;
			buildActionMask = 2147483647;
			files = (
				16B455F81B19ED7000FB407E /* Main.storyboard in Resources */,
				16B455FD1B19ED7000FB407E /* LaunchScreen.xib in Resources */,
				16B455FA1B19ED7000FB407E /* Images.xcassets in Resources */,
			);
			runOnlyForDeploymentPostprocessing = 0;
		};
		16B456001B19ED7000FB407E /* Resources */ = {
			isa = PBXResourcesBuildPhase;
			buildActionMask = 2147483647;
			files = (
			);
			runOnlyForDeploymentPostprocessing = 0;
		};
/* End PBXResourcesBuildPhase section */

/* Begin PBXSourcesBuildPhase section */
		16B455E91B19ED7000FB407E /* Sources */ = {
			isa = PBXSourcesBuildPhase;
			buildActionMask = 2147483647;
			files = (
				16B455F51B19ED7000FB407E /* ViewController.swift in Sources */,
				16B455F31B19ED7000FB407E /* AppDelegate.swift in Sources */,
			);
			runOnlyForDeploymentPostprocessing = 0;
		};
		16B455FE1B19ED7000FB407E /* Sources */ = {
			isa = PBXSourcesBuildPhase;
			buildActionMask = 2147483647;
			files = (
				16B456091B19ED7000FB407E /* WebViewExTests.swift in Sources */,
			);
			runOnlyForDeploymentPostprocessing = 0;
		};
/* End PBXSourcesBuildPhase section */

/* Begin PBXTargetDependency section */
		16B456041B19ED7000FB407E /* PBXTargetDependency */ = {
			isa = PBXTargetDependency;
			target = 16B455EC1B19ED7000FB407E /* WebViewEx */;
			targetProxy = 16B456031B19ED7000FB407E /* PBXContainerItemProxy */;
		};
/* End PBXTargetDependency section */

/* Begin PBXVariantGroup section */
		16B455F61B19ED7000FB407E /* Main.storyboard */ = {
			isa = PBXVariantGroup;
			children = (
				16B455F71B19ED7000FB407E /* Base */,
			);
			name = Main.storyboard;
			sourceTree = "<group>";
		};
		16B455FB1B19ED7000FB407E /* LaunchScreen.xib */ = {
			isa = PBXVariantGroup;
			children = (
				16B455FC1B19ED7000FB407E /* Base */,
			);
			name = LaunchScreen.xib;
			sourceTree = "<group>";
		};
/* End PBXVariantGroup section */

/* Begin XCBuildConfiguration section */
		16B4560A1B19ED7000FB407E /* Debug */ = {
			isa = XCBuildConfiguration;
			buildSettings = {
				ALWAYS_SEARCH_USER_PATHS = NO;
				CLANG_CXX_LANGUAGE_STANDARD = "gnu++0x";
				CLANG_CXX_LIBRARY = "libc++";
				CLANG_ENABLE_MODULES = YES;
				CLANG_ENABLE_OBJC_ARC = YES;
				CLANG_WARN_BOOL_CONVERSION = YES;
				CLANG_WARN_CONSTANT_CONVERSION = YES;
				CLANG_WARN_DIRECT_OBJC_ISA_USAGE = YES_ERROR;
				CLANG_WARN_EMPTY_BODY = YES;
				CLANG_WARN_ENUM_CONVERSION = YES;
				CLANG_WARN_INT_CONVERSION = YES;
				CLANG_WARN_OBJC_ROOT_CLASS = YES_ERROR;
				CLANG_WARN_UNREACHABLE_CODE = YES;
				CLANG_WARN__DUPLICATE_METHOD_MATCH = YES;
				"CODE_SIGN_IDENTITY[sdk=iphoneos*]" = "iPhone Developer";
				COPY_PHASE_STRIP = NO;
				DEBUG_INFORMATION_FORMAT = "dwarf-with-dsym";
				ENABLE_STRICT_OBJC_MSGSEND = YES;
				GCC_C_LANGUAGE_STANDARD = gnu99;
				GCC_DYNAMIC_NO_PIC = NO;
				GCC_NO_COMMON_BLOCKS = YES;
				GCC_OPTIMIZATION_LEVEL = 0;
				GCC_PREPROCESSOR_DEFINITIONS = (
					"DEBUG=1",
					"$(inherited)",
				);
				GCC_SYMBOLS_PRIVATE_EXTERN = NO;
				GCC_WARN_64_TO_32_BIT_CONVERSION = YES;
				GCC_WARN_ABOUT_RETURN_TYPE = YES_ERROR;
				GCC_WARN_UNDECLARED_SELECTOR = YES;
				GCC_WARN_UNINITIALIZED_AUTOS = YES_AGGRESSIVE;
				GCC_WARN_UNUSED_FUNCTION = YES;
				GCC_WARN_UNUSED_VARIABLE = YES;
				IPHONEOS_DEPLOYMENT_TARGET = 8.3;
				MTL_ENABLE_DEBUG_INFO = YES;
				ONLY_ACTIVE_ARCH = YES;
				SDKROOT = iphoneos;
				SWIFT_OPTIMIZATION_LEVEL = "-Onone";
			};
			name = Debug;
		};
		16B4560B1B19ED7000FB407E /* Release */ = {
			isa = XCBuildConfiguration;
			buildSettings = {
				ALWAYS_SEARCH_USER_PATHS = NO;
				CLANG_CXX_LANGUAGE_STANDARD = "gnu++0x";
				CLANG_CXX_LIBRARY = "libc++";
				CLANG_ENABLE_MODULES = YES;
				CLANG_ENABLE_OBJC_ARC = YES;
				CLANG_WARN_BOOL_CONVERSION = YES;
				CLANG_WARN_CONSTANT_CONVERSION = YES;
				CLANG_WARN_DIRECT_OBJC_ISA_USAGE = YES_ERROR;
				CLANG_WARN_EMPTY_BODY = YES;
				CLANG_WARN_ENUM_CONVERSION = YES;
				CLANG_WARN_INT_CONVERSION = YES;
				CLANG_WARN_OBJC_ROOT_CLASS = YES_ERROR;
				CLANG_WARN_UNREACHABLE_CODE = YES;
				CLANG_WARN__DUPLICATE_METHOD_MATCH = YES;
				"CODE_SIGN_IDENTITY[sdk=iphoneos*]" = "iPhone Developer";
				COPY_PHASE_STRIP = NO;
				DEBUG_INFORMATION_FORMAT = "dwarf-with-dsym";
				ENABLE_NS_ASSERTIONS = NO;
				ENABLE_STRICT_OBJC_MSGSEND = YES;
				GCC_C_LANGUAGE_STANDARD = gnu99;
				GCC_NO_COMMON_BLOCKS = YES;
				GCC_WARN_64_TO_32_BIT_CONVERSION = YES;
				GCC_WARN_ABOUT_RETURN_TYPE = YES_ERROR;
				GCC_WARN_UNDECLARED_SELECTOR = YES;
				GCC_WARN_UNINITIALIZED_AUTOS = YES_AGGRESSIVE;
				GCC_WARN_UNUSED_FUNCTION = YES;
				GCC_WARN_UNUSED_VARIABLE = YES;
				IPHONEOS_DEPLOYMENT_TARGET = 8.3;
				MTL_ENABLE_DEBUG_INFO = NO;
				SDKROOT = iphoneos;
				VALIDATE_PRODUCT = YES;
			};
			name = Release;
		};
		16B4560D1B19ED7000FB407E /* Debug */ = {
			isa = XCBuildConfiguration;
			buildSettings = {
				ASSETCATALOG_COMPILER_APPICON_NAME = AppIcon;
				INFOPLIST_FILE = WebViewEx/Info.plist;
				LD_RUNPATH_SEARCH_PATHS = "$(inherited) @executable_path/Frameworks";
				PRODUCT_NAME = "$(TARGET_NAME)";
			};
			name = Debug;
		};
		16B4560E1B19ED7000FB407E /* Release */ = {
			isa = XCBuildConfiguration;
			buildSettings = {
				ASSETCATALOG_COMPILER_APPICON_NAME = AppIcon;
				INFOPLIST_FILE = WebViewEx/Info.plist;
				LD_RUNPATH_SEARCH_PATHS = "$(inherited) @executable_path/Frameworks";
				PRODUCT_NAME = "$(TARGET_NAME)";
			};
			name = Release;
		};
		16B456101B19ED7000FB407E /* Debug */ = {
			isa = XCBuildConfiguration;
			buildSettings = {
				BUNDLE_LOADER = "$(TEST_HOST)";
				FRAMEWORK_SEARCH_PATHS = (
					"$(SDKROOT)/Developer/Library/Frameworks",
					"$(inherited)",
				);
				GCC_PREPROCESSOR_DEFINITIONS = (
					"DEBUG=1",
					"$(inherited)",
				);
				INFOPLIST_FILE = WebViewExTests/Info.plist;
				LD_RUNPATH_SEARCH_PATHS = "$(inherited) @executable_path/Frameworks @loader_path/Frameworks";
				PRODUCT_NAME = "$(TARGET_NAME)";
				TEST_HOST = "$(BUILT_PRODUCTS_DIR)/WebViewEx.app/WebViewEx";
			};
			name = Debug;
		};
		16B456111B19ED7000FB407E /* Release */ = {
			isa = XCBuildConfiguration;
			buildSettings = {
				BUNDLE_LOADER = "$(TEST_HOST)";
				FRAMEWORK_SEARCH_PATHS = (
					"$(SDKROOT)/Developer/Library/Frameworks",
					"$(inherited)",
				);
				INFOPLIST_FILE = WebViewExTests/Info.plist;
				LD_RUNPATH_SEARCH_PATHS = "$(inherited) @executable_path/Frameworks @loader_path/Frameworks";
				PRODUCT_NAME = "$(TARGET_NAME)";
				TEST_HOST = "$(BUILT_PRODUCTS_DIR)/WebViewEx.app/WebViewEx";
			};
			name = Release;
		};
/* End XCBuildConfiguration section */

/* Begin XCConfigurationList section */
		16B455E81B19ED7000FB407E /* Build configuration list for PBXProject "WebViewEx" */ = {
			isa = XCConfigurationList;
			buildConfigurations = (
				16B4560A1B19ED7000FB407E /* Debug */,
				16B4560B1B19ED7000FB407E /* Release */,
			);
			defaultConfigurationIsVisible = 0;
			defaultConfigurationName = Release;
		};
		16B4560C1B19ED7000FB407E /* Build configuration list for PBXNativeTarget "WebViewEx" */ = {
			isa = XCConfigurationList;
			buildConfigurations = (
				16B4560D1B19ED7000FB407E /* Debug */,
				16B4560E1B19ED7000FB407E /* Release */,
			);
			defaultConfigurationIsVisible = 0;
		};
		16B4560F1B19ED7000FB407E /* Build configuration list for PBXNativeTarget "WebViewExTests" */ = {
			isa = XCConfigurationList;
			buildConfigurations = (
				16B456101B19ED7000FB407E /* Debug */,
				16B456111B19ED7000FB407E /* Release */,
			);
			defaultConfigurationIsVisible = 0;
		};
/* End XCConfigurationList section */
	};
	rootObject = 16B455E51B19ED7000FB407E /* Project object */;
}
